version = 1
revision = 3
requires-python = ">=3.11"
resolution-markers = [
    "python_full_version >= '3.12'",
    "python_full_version < '3.12'",
]

[[package]]
name = "astroid"
version = "4.0.2"
source = { registry = "https://pypi.org/simple" }
sdist = { url = "https://files.pythonhosted.org/packages/b7/22/97df040e15d964e592d3a180598ace67e91b7c559d8298bdb3c949dc6e42/astroid-4.0.2.tar.gz", hash = "sha256:ac8fb7ca1c08eb9afec91ccc23edbd8ac73bb22cbdd7da1d488d9fb8d6579070", size = 405714, upload-time = "2025-11-09T21:21:18.373Z" }
wheels = [
    { url = "https://files.pythonhosted.org/packages/93/ac/a85b4bfb4cf53221513e27f33cc37ad158fce02ac291d18bee6b49ab477d/astroid-4.0.2-py3-none-any.whl", hash = "sha256:d7546c00a12efc32650b19a2bb66a153883185d3179ab0d4868086f807338b9b", size = 276354, upload-time = "2025-11-09T21:21:16.54Z" },
]

[[package]]
name = "black"
version = "25.11.0"
source = { registry = "https://pypi.org/simple" }
dependencies = [
    { name = "click" },
    { name = "mypy-extensions" },
    { name = "packaging" },
    { name = "pathspec" },
    { name = "platformdirs" },
    { name = "pytokens" },
]
sdist = { url = "https://files.pythonhosted.org/packages/8c/ad/33adf4708633d047950ff2dfdea2e215d84ac50ef95aff14a614e4b6e9b2/black-25.11.0.tar.gz", hash = "sha256:9a323ac32f5dc75ce7470501b887250be5005a01602e931a15e45593f70f6e08", size = 655669, upload-time = "2025-11-10T01:53:50.558Z" }
wheels = [
    { url = "https://files.pythonhosted.org/packages/c4/62/d304786b75ab0c530b833a89ce7d997924579fb7484ecd9266394903e394/black-25.11.0-cp311-cp311-macosx_10_9_x86_64.whl", hash = "sha256:895571922a35434a9d8ca67ef926da6bc9ad464522a5fe0db99b394ef1c0675a", size = 1727891, upload-time = "2025-11-10T02:01:40.507Z" },
    { url = "https://files.pythonhosted.org/packages/82/5d/ffe8a006aa522c9e3f430e7b93568a7b2163f4b3f16e8feb6d8c3552761a/black-25.11.0-cp311-cp311-macosx_11_0_arm64.whl", hash = "sha256:cb4f4b65d717062191bdec8e4a442539a8ea065e6af1c4f4d36f0cdb5f71e170", size = 1581875, upload-time = "2025-11-10T01:57:51.192Z" },
    { url = "https://files.pythonhosted.org/packages/cb/c8/7c8bda3108d0bb57387ac41b4abb5c08782b26da9f9c4421ef6694dac01a/black-25.11.0-cp311-cp311-manylinux2014_x86_64.manylinux_2_17_x86_64.manylinux_2_28_x86_64.whl", hash = "sha256:d81a44cbc7e4f73a9d6ae449ec2317ad81512d1e7dce7d57f6333fd6259737bc", size = 1642716, upload-time = "2025-11-10T01:56:51.589Z" },
    { url = "https://files.pythonhosted.org/packages/34/b9/f17dea34eecb7cc2609a89627d480fb6caea7b86190708eaa7eb15ed25e7/black-25.11.0-cp311-cp311-win_amd64.whl", hash = "sha256:7eebd4744dfe92ef1ee349dc532defbf012a88b087bb7ddd688ff59a447b080e", size = 1352904, upload-time = "2025-11-10T01:59:26.252Z" },
    { url = "https://files.pythonhosted.org/packages/7f/12/5c35e600b515f35ffd737da7febdb2ab66bb8c24d88560d5e3ef3d28c3fd/black-25.11.0-cp312-cp312-macosx_10_13_x86_64.whl", hash = "sha256:80e7486ad3535636657aa180ad32a7d67d7c273a80e12f1b4bfa0823d54e8fac", size = 1772831, upload-time = "2025-11-10T02:03:47Z" },
    { url = "https://files.pythonhosted.org/packages/1a/75/b3896bec5a2bb9ed2f989a970ea40e7062f8936f95425879bbe162746fe5/black-25.11.0-cp312-cp312-macosx_11_0_arm64.whl", hash = "sha256:6cced12b747c4c76bc09b4db057c319d8545307266f41aaee665540bc0e04e96", size = 1608520, upload-time = "2025-11-10T01:58:46.895Z" },
    { url = "https://files.pythonhosted.org/packages/f3/b5/2bfc18330eddbcfb5aab8d2d720663cd410f51b2ed01375f5be3751595b0/black-25.11.0-cp312-cp312-manylinux2014_x86_64.manylinux_2_17_x86_64.manylinux_2_28_x86_64.whl", hash = "sha256:6cb2d54a39e0ef021d6c5eef442e10fd71fcb491be6413d083a320ee768329dd", size = 1682719, upload-time = "2025-11-10T01:56:55.24Z" },
    { url = "https://files.pythonhosted.org/packages/96/fb/f7dc2793a22cdf74a72114b5ed77fe3349a2e09ef34565857a2f917abdf2/black-25.11.0-cp312-cp312-win_amd64.whl", hash = "sha256:ae263af2f496940438e5be1a0c1020e13b09154f3af4df0835ea7f9fe7bfa409", size = 1362684, upload-time = "2025-11-10T01:57:07.639Z" },
    { url = "https://files.pythonhosted.org/packages/ad/47/3378d6a2ddefe18553d1115e36aea98f4a90de53b6a3017ed861ba1bd3bc/black-25.11.0-cp313-cp313-macosx_10_13_x86_64.whl", hash = "sha256:0a1d40348b6621cc20d3d7530a5b8d67e9714906dfd7346338249ad9c6cedf2b", size = 1772446, upload-time = "2025-11-10T02:02:16.181Z" },
    { url = "https://files.pythonhosted.org/packages/ba/4b/0f00bfb3d1f7e05e25bfc7c363f54dc523bb6ba502f98f4ad3acf01ab2e4/black-25.11.0-cp313-cp313-macosx_11_0_arm64.whl", hash = "sha256:51c65d7d60bb25429ea2bf0731c32b2a2442eb4bd3b2afcb47830f0b13e58bfd", size = 1607983, upload-time = "2025-11-10T02:02:52.502Z" },
    { url = "https://files.pythonhosted.org/packages/99/fe/49b0768f8c9ae57eb74cc10a1f87b4c70453551d8ad498959721cc345cb7/black-25.11.0-cp313-cp313-manylinux2014_x86_64.manylinux_2_17_x86_64.manylinux_2_28_x86_64.whl", hash = "sha256:936c4dd07669269f40b497440159a221ee435e3fddcf668e0c05244a9be71993", size = 1682481, upload-time = "2025-11-10T01:57:12.35Z" },
    { url = "https://files.pythonhosted.org/packages/55/17/7e10ff1267bfa950cc16f0a411d457cdff79678fbb77a6c73b73a5317904/black-25.11.0-cp313-cp313-win_amd64.whl", hash = "sha256:f42c0ea7f59994490f4dccd64e6b2dd49ac57c7c84f38b8faab50f8759db245c", size = 1363869, upload-time = "2025-11-10T01:58:24.608Z" },
    { url = "https://files.pythonhosted.org/packages/67/c0/cc865ce594d09e4cd4dfca5e11994ebb51604328489f3ca3ae7bb38a7db5/black-25.11.0-cp314-cp314-macosx_10_15_x86_64.whl", hash = "sha256:35690a383f22dd3e468c85dc4b915217f87667ad9cce781d7b42678ce63c4170", size = 1771358, upload-time = "2025-11-10T02:03:33.331Z" },
    { url = "https://files.pythonhosted.org/packages/37/77/4297114d9e2fd2fc8ab0ab87192643cd49409eb059e2940391e7d2340e57/black-25.11.0-cp314-cp314-macosx_11_0_arm64.whl", hash = "sha256:dae49ef7369c6caa1a1833fd5efb7c3024bb7e4499bf64833f65ad27791b1545", size = 1612902, upload-time = "2025-11-10T01:59:33.382Z" },
    { url = "https://files.pythonhosted.org/packages/de/63/d45ef97ada84111e330b2b2d45e1dd163e90bd116f00ac55927fb6bf8adb/black-25.11.0-cp314-cp314-manylinux2014_x86_64.manylinux_2_17_x86_64.manylinux_2_28_x86_64.whl", hash = "sha256:5bd4a22a0b37401c8e492e994bce79e614f91b14d9ea911f44f36e262195fdda", size = 1680571, upload-time = "2025-11-10T01:57:04.239Z" },
    { url = "https://files.pythonhosted.org/packages/ff/4b/5604710d61cdff613584028b4cb4607e56e148801ed9b38ee7970799dab6/black-25.11.0-cp314-cp314-win_amd64.whl", hash = "sha256:aa211411e94fdf86519996b7f5f05e71ba34835d8f0c0f03c00a26271da02664", size = 1382599, upload-time = "2025-11-10T01:57:57.427Z" },
    { url = "https://files.pythonhosted.org/packages/00/5d/aed32636ed30a6e7f9efd6ad14e2a0b0d687ae7c8c7ec4e4a557174b895c/black-25.11.0-py3-none-any.whl", hash = "sha256:e3f562da087791e96cefcd9dda058380a442ab322a02e222add53736451f604b", size = 204918, upload-time = "2025-11-10T01:53:48.917Z" },
]

[[package]]
name = "click"
version = "8.3.1"
source = { registry = "https://pypi.org/simple" }
dependencies = [
    { name = "colorama", marker = "sys_platform == 'win32'" },
]
sdist = { url = "https://files.pythonhosted.org/packages/3d/fa/656b739db8587d7b5dfa22e22ed02566950fbfbcdc20311993483657a5c0/click-8.3.1.tar.gz", hash = "sha256:12ff4785d337a1bb490bb7e9c2b1ee5da3112e94a8622f26a6c77f5d2fc6842a", size = 295065, upload-time = "2025-11-15T20:45:42.706Z" }
wheels = [
    { url = "https://files.pythonhosted.org/packages/98/78/01c019cdb5d6498122777c1a43056ebb3ebfeef2076d9d026bfe15583b2b/click-8.3.1-py3-none-any.whl", hash = "sha256:981153a64e25f12d547d3426c367a4857371575ee7ad18df2a6183ab0545b2a6", size = 108274, upload-time = "2025-11-15T20:45:41.139Z" },
]

[[package]]
name = "colorama"
version = "0.4.6"
source = { registry = "https://pypi.org/simple" }
sdist = { url = "https://files.pythonhosted.org/packages/d8/53/6f443c9a4a8358a93a6792e2acffb9d9d5cb0a5cfd8802644b7b1c9a02e4/colorama-0.4.6.tar.gz", hash = "sha256:08695f5cb7ed6e0531a20572697297273c47b8cae5a63ffc6d6ed5c201be6e44", size = 27697, upload-time = "2022-10-25T02:36:22.414Z" }
wheels = [
    { url = "https://files.pythonhosted.org/packages/d1/d6/3965ed04c63042e047cb6a3e6ed1a63a35087b6a609aa3a15ed8ac56c221/colorama-0.4.6-py2.py3-none-any.whl", hash = "sha256:4f1d9991f5acc0ca119f9d443620b77f9d6b33703e51011c16baf57afb285fc6", size = 25335, upload-time = "2022-10-25T02:36:20.889Z" },
]

[[package]]
name = "dill"
version = "0.4.0"
source = { registry = "https://pypi.org/simple" }
sdist = { url = "https://files.pythonhosted.org/packages/12/80/630b4b88364e9a8c8c5797f4602d0f76ef820909ee32f0bacb9f90654042/dill-0.4.0.tar.gz", hash = "sha256:0633f1d2df477324f53a895b02c901fb961bdbf65a17122586ea7019292cbcf0", size = 186976, upload-time = "2025-04-16T00:41:48.867Z" }
wheels = [
    { url = "https://files.pythonhosted.org/packages/50/3d/9373ad9c56321fdab5b41197068e1d8c25883b3fea29dd361f9b55116869/dill-0.4.0-py3-none-any.whl", hash = "sha256:44f54bf6412c2c8464c14e8243eb163690a9800dbe2c367330883b19c7561049", size = 119668, upload-time = "2025-04-16T00:41:47.671Z" },
]

[[package]]
name = "flake8"
version = "7.3.0"
source = { registry = "https://pypi.org/simple" }
dependencies = [
    { name = "mccabe" },
    { name = "pycodestyle" },
    { name = "pyflakes" },
]
sdist = { url = "https://files.pythonhosted.org/packages/9b/af/fbfe3c4b5a657d79e5c47a2827a362f9e1b763336a52f926126aa6dc7123/flake8-7.3.0.tar.gz", hash = "sha256:fe044858146b9fc69b551a4b490d69cf960fcb78ad1edcb84e7fbb1b4a8e3872", size = 48326, upload-time = "2025-06-20T19:31:35.838Z" }
wheels = [
    { url = "https://files.pythonhosted.org/packages/9f/56/13ab06b4f93ca7cac71078fbe37fcea175d3216f31f85c3168a6bbd0bb9a/flake8-7.3.0-py2.py3-none-any.whl", hash = "sha256:b9696257b9ce8beb888cdbe31cf885c90d31928fe202be0889a7cdafad32f01e", size = 57922, upload-time = "2025-06-20T19:31:34.425Z" },
]

[[package]]
name = "iniconfig"
version = "2.3.0"
source = { registry = "https://pypi.org/simple" }
sdist = { url = "https://files.pythonhosted.org/packages/72/34/14ca021ce8e5dfedc35312d08ba8bf51fdd999c576889fc2c24cb97f4f10/iniconfig-2.3.0.tar.gz", hash = "sha256:c76315c77db068650d49c5b56314774a7804df16fee4402c1f19d6d15d8c4730", size = 20503, upload-time = "2025-10-18T21:55:43.219Z" }
wheels = [
    { url = "https://files.pythonhosted.org/packages/cb/b1/3846dd7f199d53cb17f49cba7e651e9ce294d8497c8c150530ed11865bb8/iniconfig-2.3.0-py3-none-any.whl", hash = "sha256:f631c04d2c48c52b84d0d0549c99ff3859c98df65b3101406327ecc7d53fbf12", size = 7484, upload-time = "2025-10-18T21:55:41.639Z" },
]

[[package]]
name = "isort"
version = "7.0.0"
source = { registry = "https://pypi.org/simple" }
sdist = { url = "https://files.pythonhosted.org/packages/63/53/4f3c058e3bace40282876f9b553343376ee687f3c35a525dc79dbd450f88/isort-7.0.0.tar.gz", hash = "sha256:5513527951aadb3ac4292a41a16cbc50dd1642432f5e8c20057d414bdafb4187", size = 805049, upload-time = "2025-10-11T13:30:59.107Z" }
wheels = [
    { url = "https://files.pythonhosted.org/packages/7f/ed/e3705d6d02b4f7aea715a353c8ce193efd0b5db13e204df895d38734c244/isort-7.0.0-py3-none-any.whl", hash = "sha256:1bcabac8bc3c36c7fb7b98a76c8abb18e0f841a3ba81decac7691008592499c1", size = 94672, upload-time = "2025-10-11T13:30:57.665Z" },
]

[[package]]
name = "librt"
version = "0.6.2"
source = { registry = "https://pypi.org/simple" }
sdist = { url = "https://files.pythonhosted.org/packages/72/c3/86e94f888f65ba1731f97c33ef10016c7286e0fa70d4a309eab41937183a/librt-0.6.2.tar.gz", hash = "sha256:3898faf00cada0bf2a97106936e92fe107ee4fbdf4e5ebd922cfd5ee9f052884", size = 53420, upload-time = "2025-11-18T16:51:17.097Z" }
wheels = [
    { url = "https://files.pythonhosted.org/packages/5d/b9/5783f85a2f3993b133244ff25c5e8f434eee5acd24b6e94dc4a532914e40/librt-0.6.2-cp311-cp311-macosx_10_9_x86_64.whl", hash = "sha256:aedd015ecf8eb1e4f4d03a9022a8a69205de673b75826dd03fb0ff8c882cd407", size = 27286, upload-time = "2025-11-18T16:50:02.256Z" },
    { url = "https://files.pythonhosted.org/packages/2f/c4/612c33b91a8914bc22b84b21f44115c322932d629b1117f236e1a8e8e208/librt-0.6.2-cp311-cp311-macosx_11_0_arm64.whl", hash = "sha256:fa36536067a7029477510be4884ca96bd34a25690c73a3b423109b4f20b16a9a", size = 27631, upload-time = "2025-11-18T16:50:03.259Z" },
    { url = "https://files.pythonhosted.org/packages/3f/9b/2540bf8277d63c2800b2cdaa57caf812992a2e20b427370a729b1e1d2602/librt-0.6.2-cp311-cp311-manylinux1_i686.manylinux_2_28_i686.manylinux_2_5_i686.whl", hash = "sha256:1c6907d657c36f5ed720e9b694d939b2bc872c331cc9c6abd6318294f4309bf9", size = 82240, upload-time = "2025-11-18T16:50:04.196Z" },
    { url = "https://files.pythonhosted.org/packages/b8/42/9453268b8f997eae6642973db47ed7fc7278fe179b2e2f8b98429f8abcf7/librt-0.6.2-cp311-cp311-manylinux2014_aarch64.manylinux_2_17_aarch64.manylinux_2_28_aarch64.whl", hash = "sha256:f12ccd30a488139eb262da6ecc4ffd6f9fc667fd2a87fcb272a78ad5359fb3b7", size = 86287, upload-time = "2025-11-18T16:50:05.226Z" },
    { url = "https://files.pythonhosted.org/packages/7e/49/5f41d77f8a4e9e27230a9b55f6ea07074883a913029a0f33de95fc4b03af/librt-0.6.2-cp311-cp311-manylinux2014_x86_64.manylinux_2_17_x86_64.manylinux_2_28_x86_64.whl", hash = "sha256:8ab8de3fa52eef597a441e3ca5aa8b353c752808312b84037b5d8e6a3843b7d9", size = 86517, upload-time = "2025-11-18T16:50:06.303Z" },
    { url = "https://files.pythonhosted.org/packages/fc/c3/64e3b2e4a683d130e701130963f678d6064b7804ddebf1623e3c27b634a2/librt-0.6.2-cp311-cp311-musllinux_1_2_aarch64.whl", hash = "sha256:f7e3a9deec913289eba43d1b4785043ceb5b21c01f38ffb830d7644736311834", size = 88914, upload-time = "2025-11-18T16:50:07.394Z" },
    { url = "https://files.pythonhosted.org/packages/e8/04/67733ed520729e06e2f4e55757e9211b8d0c8e47b50d91ce9ffc1f93ade6/librt-0.6.2-cp311-cp311-musllinux_1_2_i686.whl", hash = "sha256:e5bcc7c08dcfefca4c2ff4db4fe8218a910d2efe20453cbc5978a76a77d12c9d", size = 86945, upload-time = "2025-11-18T16:50:08.567Z" },
    { url = "https://files.pythonhosted.org/packages/98/b5/5d27378280c48c53d840c9e3f3496257dbee3efa20453844542c36344e54/librt-0.6.2-cp311-cp311-musllinux_1_2_x86_64.whl", hash = "sha256:f34c116d51b21f511746eb775cca67a1ab832a22e18721ddfb5b45585e9a29fc", size = 89852, upload-time = "2025-11-18T16:50:09.593Z" },
    { url = "https://files.pythonhosted.org/packages/bb/e1/cafe726c99c63c36427185d6f8061dc86d79cc14a4ee7dd801bc29109b26/librt-0.6.2-cp311-cp311-win32.whl", hash = "sha256:3a0017a09cbed5f199962c987dec03fe0c073ef893f4d47b28c85b4e864ee890", size = 19948, upload-time = "2025-11-18T16:50:10.619Z" },
    { url = "https://files.pythonhosted.org/packages/e4/c9/e459ce0bb3b62e6f077683f36561ed7f7782c9e24a4ed0619383ae9c4262/librt-0.6.2-cp311-cp311-win_amd64.whl", hash = "sha256:b727311a51a847c0ba7864fb3406aa9839343d5c221be67b4da8d4740892e4a7", size = 21406, upload-time = "2025-11-18T16:50:11.567Z" },
    { url = "https://files.pythonhosted.org/packages/b4/c9/1d30765191b56853596c36cc32f31cb6e259891f9003f6e71496c043ccb2/librt-0.6.2-cp311-cp311-win_arm64.whl", hash = "sha256:f20c699c410d4649f6648ad7b8e64e7f97d8e1debcdb856e17530064444a51a5", size = 20875, upload-time = "2025-11-18T16:50:12.63Z" },
    { url = "https://files.pythonhosted.org/packages/36/0c/825aece0e99f1f948e1e423ac443913d753ddbcbc0e48e649f46dd3e6adc/librt-0.6.2-cp312-cp312-macosx_10_13_x86_64.whl", hash = "sha256:29f4e8888de87eb637c1b1c3ca9e97f3d8828e481f5ef0b86bb90ae026215d4c", size = 27842, upload-time = "2025-11-18T16:50:13.751Z" },
    { url = "https://files.pythonhosted.org/packages/2f/64/74190707875d3db4c6e2655dd804577e85bdbb437fdf32206003dda0bb83/librt-0.6.2-cp312-cp312-macosx_11_0_arm64.whl", hash = "sha256:f5cdacbe18f91741a5f45bb169a92ab5299e0c6a7245798d075885480706c4e5", size = 27841, upload-time = "2025-11-18T16:50:14.74Z" },
    { url = "https://files.pythonhosted.org/packages/db/0c/b783a58fc741cf30872a9947f3c777c57c2845e5e805d78c5147bc2c6c06/librt-0.6.2-cp312-cp312-manylinux1_i686.manylinux_2_28_i686.manylinux_2_5_i686.whl", hash = "sha256:de0461670334c16b76885d8a93a3c1f1b0259fb7d817cec326193325c24898e0", size = 84136, upload-time = "2025-11-18T16:50:16.002Z" },
    { url = "https://files.pythonhosted.org/packages/e5/87/5ad8119cc2128cce01a07198daaff02114b0dffc0951a5577f1980756d22/librt-0.6.2-cp312-cp312-manylinux2014_aarch64.manylinux_2_17_aarch64.manylinux_2_28_aarch64.whl", hash = "sha256:fcddd735029802e9ab56d482f977ca08920c432382c9382334e7cfa9ad0bb0de", size = 88004, upload-time = "2025-11-18T16:50:17.052Z" },
    { url = "https://files.pythonhosted.org/packages/46/96/9f7a25150c54614b756c1e6ae3898a798e665e938df4d5b054299082c5e6/librt-0.6.2-cp312-cp312-manylinux2014_x86_64.manylinux_2_17_x86_64.manylinux_2_28_x86_64.whl", hash = "sha256:06c82cf56b3c2fab8e19e7415b6eb1b958356f6e6ee082b0077a582356801185", size = 88934, upload-time = "2025-11-18T16:50:18.485Z" },
    { url = "https://files.pythonhosted.org/packages/40/ed/e7da561b2169f02f4281ad806f800f94afa69eaeb994e65b0f178f2be52b/librt-0.6.2-cp312-cp312-musllinux_1_2_aarch64.whl", hash = "sha256:3a426287d679aebd6dd3000192d054cdd2d90ae7612b51d0f4931b2f37dd1d13", size = 90599, upload-time = "2025-11-18T16:50:19.587Z" },
    { url = "https://files.pythonhosted.org/packages/ea/ba/aa06f14eba3d6f19f34ef73d5c0b17b1cdf7543661912a9b9e2e991f4b13/librt-0.6.2-cp312-cp312-musllinux_1_2_i686.whl", hash = "sha256:75fa4126883da85600f4763930e8791949f50ab323fa8fc17fb31185b4fd16af", size = 88603, upload-time = "2025-11-18T16:50:20.901Z" },
    { url = "https://files.pythonhosted.org/packages/08/52/56c449119dc3b942d3ff2e985969571819db123f655e3744a08819d1f013/librt-0.6.2-cp312-cp312-musllinux_1_2_x86_64.whl", hash = "sha256:73cf76b5814d268d777eca17db45a2bdd9c80f50eab01cf8b642f8bf18497358", size = 92112, upload-time = "2025-11-18T16:50:22.064Z" },
    { url = "https://files.pythonhosted.org/packages/20/aa/fe6faf84b5cc0ae3001adfe4f23aaa06cf9881965c7d9decce6180605244/librt-0.6.2-cp312-cp312-win32.whl", hash = "sha256:93cd69497046d67f35e1d00cef099bf32f97c277ff950c406e7e062ccf86852e", size = 20128, upload-time = "2025-11-18T16:50:23.182Z" },
    { url = "https://files.pythonhosted.org/packages/08/58/96086add1333d0ca6607b768bbb5633bc7a6265d11fa953be9392e789c46/librt-0.6.2-cp312-cp312-win_amd64.whl", hash = "sha256:2ada7182335b25120ec960fbbf22d8f534bb9bb101f248f849bc977bc51165c8", size = 21547, upload-time = "2025-11-18T16:50:24.157Z" },
    { url = "https://files.pythonhosted.org/packages/71/e6/7e533225c4f05ba03c15e4f1788617539a19a47182cc677bc8b9feaeacf8/librt-0.6.2-cp312-cp312-win_arm64.whl", hash = "sha256:e2deaac245f6ce54caf6ccb5dabeadd35950e669f4ed31addd300ff4eaee981c", size = 20945, upload-time = "2025-11-18T16:50:25.915Z" },
    { url = "https://files.pythonhosted.org/packages/5b/e7/e4ff31452298cda5008dede6d5805921a75f95aaaa2bfd1ac9d547efd47d/librt-0.6.2-cp313-cp313-macosx_10_13_x86_64.whl", hash = "sha256:ad4014a959de1b4c020e0de0b92b637463e80d54fc6f12b8c0a357ef7289190f", size = 27875, upload-time = "2025-11-18T16:50:27.22Z" },
    { url = "https://files.pythonhosted.org/packages/a4/6b/fcbfc8243ff2f207f51566604b7a538ba2ee7c10222a82a827adacdaa9ad/librt-0.6.2-cp313-cp313-macosx_11_0_arm64.whl", hash = "sha256:1eea7c6633cdd6ee3fd8d1677949c278bd2db9f6f39d2b34affe2d70c8dc0258", size = 27854, upload-time = "2025-11-18T16:50:28.475Z" },
    { url = "https://files.pythonhosted.org/packages/04/32/ff7041ff7d513e195bef955b4d7313ccd41436c539c481e2d28e78fd1581/librt-0.6.2-cp313-cp313-manylinux1_i686.manylinux_2_28_i686.manylinux_2_5_i686.whl", hash = "sha256:28d159adc310be1aba21480d56a6ebc06b98948fb60e15ccc77a77c6a037cd5f", size = 84321, upload-time = "2025-11-18T16:50:29.463Z" },
    { url = "https://files.pythonhosted.org/packages/8f/04/c0935cd6dcad97789d6bf9ae87bb1c98f56c4f237dc3e0cbd0062b893717/librt-0.6.2-cp313-cp313-manylinux2014_aarch64.manylinux_2_17_aarch64.manylinux_2_28_aarch64.whl", hash = "sha256:cd85a818a58871a7d3fe3e9821423c06c1d2b5ac6d7ad21f62c28243b858c920", size = 88232, upload-time = "2025-11-18T16:50:30.481Z" },
    { url = "https://files.pythonhosted.org/packages/cb/68/14f2641852fafbeb62a72bd113ad71adc616b961238f96a41c8b6d4b2f39/librt-0.6.2-cp313-cp313-manylinux2014_x86_64.manylinux_2_17_x86_64.manylinux_2_28_x86_64.whl", hash = "sha256:3d58f22191217c6474d1a26269db2347c3862ef9fa379bd0c86bca659fe84145", size = 89113, upload-time = "2025-11-18T16:50:31.613Z" },
    { url = "https://files.pythonhosted.org/packages/5d/84/ebdb7ecfe7f3035dd8dec57c01086f089e255dac828c77535dd90dee3065/librt-0.6.2-cp313-cp313-musllinux_1_2_aarch64.whl", hash = "sha256:6408501b01add8913cfdf795ba57bce7095ac2a2ee170de660d4bff8ad589074", size = 90808, upload-time = "2025-11-18T16:50:32.753Z" },
    { url = "https://files.pythonhosted.org/packages/f8/fc/4445de50cb1445fe2cd013f81cd5b102e9a5d4ae573e567a12de50d5ea89/librt-0.6.2-cp313-cp313-musllinux_1_2_i686.whl", hash = "sha256:fd1d5b3867feeecf3b627178f43b7bb940e0390e81bafab6b681b17112591198", size = 88891, upload-time = "2025-11-18T16:50:33.812Z" },
    { url = "https://files.pythonhosted.org/packages/c0/dc/ff70e69a9f1001d33ae377bf715b3ca8df0566bdd36317a79e1a8d922793/librt-0.6.2-cp313-cp313-musllinux_1_2_x86_64.whl", hash = "sha256:c2920f525b54cd00adbb0e727d5d3ba6292a2d038788529ad8810a3d77acdf0f", size = 92300, upload-time = "2025-11-18T16:50:34.988Z" },
    { url = "https://files.pythonhosted.org/packages/07/3f/0b7e34d90cf76c617b90811905f4c2d0f46e7f8037817cd9c83279bc5e4a/librt-0.6.2-cp313-cp313-win32.whl", hash = "sha256:74213ad49b127da47a22f2c877be216820215880c527f28df726ad5d505f1239", size = 20162, upload-time = "2025-11-18T16:50:36.001Z" },
    { url = "https://files.pythonhosted.org/packages/14/c0/c81266c308e1449ed9197b059feea91205832a1cd37e12443c0f7d3e0743/librt-0.6.2-cp313-cp313-win_amd64.whl", hash = "sha256:778667b8688bbacba06739eb5b0b78d99d2c65a99262dac5ab25eba473b34d5f", size = 21483, upload-time = "2025-11-18T16:50:36.923Z" },
    { url = "https://files.pythonhosted.org/packages/35/8e/9ba1d7e4aedec42bb5384ac68d65745f59a91944c2af16fb264cfd2fe42e/librt-0.6.2-cp313-cp313-win_arm64.whl", hash = "sha256:e787bfcccdf0f25e02310d7f1e2b9bfea714f594cda37a6ce6da84502f14acbf", size = 20937, upload-time = "2025-11-18T16:50:37.905Z" },
    { url = "https://files.pythonhosted.org/packages/b1/d6/bd8d4e2a67ee68f9d2f92a52a2c599af6631c791b3cb8295cd7694d0b14f/librt-0.6.2-cp314-cp314-macosx_10_13_x86_64.whl", hash = "sha256:b32488d018e41668fe174b51552ddd810c85d1c8d86acbf72fb9240b3937f6a4", size = 27568, upload-time = "2025-11-18T16:50:38.879Z" },
    { url = "https://files.pythonhosted.org/packages/b9/3a/8558022f58a333c0d570d6e8f19fd3036f55bf61a333c02edef2d5fdc664/librt-0.6.2-cp314-cp314-macosx_11_0_arm64.whl", hash = "sha256:7fdf4a9a568be5a591691e8f0e68912272b57240592cad3edbb5521ad6bcadb7", size = 27754, upload-time = "2025-11-18T16:50:40.683Z" },
    { url = "https://files.pythonhosted.org/packages/01/e7/63a5c31bd57f516f6fcc1d3fadbeb9ad1adc1293ec46148c3ff0ac24e50e/librt-0.6.2-cp314-cp314-manylinux1_i686.manylinux_2_28_i686.manylinux_2_5_i686.whl", hash = "sha256:bacdb6bcaa26d90ab467f4a0646691274735a92d088d7d9040a9b39ebd9abafd", size = 83168, upload-time = "2025-11-18T16:50:41.706Z" },
    { url = "https://files.pythonhosted.org/packages/cc/77/9f800f3d9c6c96626a7204565e142e5c65d6e0472962915f13ffccd88f3c/librt-0.6.2-cp314-cp314-manylinux2014_aarch64.manylinux_2_17_aarch64.manylinux_2_28_aarch64.whl", hash = "sha256:c2554e1b06beb622394b54eda36f22808b4b789dfd421fea6f5031a7de18529b", size = 87154, upload-time = "2025-11-18T16:50:42.811Z" },
    { url = "https://files.pythonhosted.org/packages/16/d7/fb3b80bf9f40ad06c5a773534320ecf610d8dc795010ac79871bd14be9fc/librt-0.6.2-cp314-cp314-manylinux2014_x86_64.manylinux_2_17_x86_64.manylinux_2_28_x86_64.whl", hash = "sha256:6569f08ced06fa1a6005c440fb2b6129981084b1d9442c517d5379a4f1b32a9b", size = 87798, upload-time = "2025-11-18T16:50:44.69Z" },
    { url = "https://files.pythonhosted.org/packages/ce/3f/359bafa8d7c2954bc86f449788c120fe787c68b18c6528dab4c3b63fbcda/librt-0.6.2-cp314-cp314-musllinux_1_2_aarch64.whl", hash = "sha256:693085d0fd2073260abc57baa309ab90f5ce5510058d0c2c6621988ba633dbe4", size = 89437, upload-time = "2025-11-18T16:50:45.792Z" },
    { url = "https://files.pythonhosted.org/packages/fb/e3/fbcac614fdded87bca5b180939de7f125e5ef07b2ef346a4211104650ee8/librt-0.6.2-cp314-cp314-musllinux_1_2_i686.whl", hash = "sha256:2264a99845c8f509b4060f730a51947ca51efcbee9b4c74033c8308290cd992b", size = 87541, upload-time = "2025-11-18T16:50:46.858Z" },
    { url = "https://files.pythonhosted.org/packages/8c/f5/b70d46ec905d7ebeee0b18b7564fbd3368647cc172e6d182e9f2ae5910f3/librt-0.6.2-cp314-cp314-musllinux_1_2_x86_64.whl", hash = "sha256:55dc24c5a0f52ec01c8a655e266f75a809b30322443cb9a6372560fd77c9f3ba", size = 90598, upload-time = "2025-11-18T16:50:47.932Z" },
    { url = "https://files.pythonhosted.org/packages/82/d0/c54039d90d07825aa7181a4b251e8c757bad4592b660632492df5b0a4692/librt-0.6.2-cp314-cp314-win32.whl", hash = "sha256:7b904b5d0ed10b2dac3c65bb3afadc23527d09b0787b6ae548b76d3cf432b402", size = 18955, upload-time = "2025-11-18T16:50:48.947Z" },
    { url = "https://files.pythonhosted.org/packages/83/c1/bdf8b626a58e9495b10cb6b8f5f087219df1e9b4a872139ea3f11d1a5a61/librt-0.6.2-cp314-cp314-win_amd64.whl", hash = "sha256:faf0112a7a8fcabd168c69d1bcbabca8767738db3f336caaac5653d91c3d1c0b", size = 20262, upload-time = "2025-11-18T16:50:50.477Z" },
    { url = "https://files.pythonhosted.org/packages/94/21/74bc60ba4f473f6051132c29274ee6ad4fe1e87290b8359e5c30c0bd8490/librt-0.6.2-cp314-cp314-win_arm64.whl", hash = "sha256:9c1125d3a89ce640e5a73114ee24f7198bf69c194802c0b4e791d99e7a0929e4", size = 19576, upload-time = "2025-11-18T16:50:51.803Z" },
    { url = "https://files.pythonhosted.org/packages/40/4c/6f349725294ac4622519654fe15a58350d77217bb4340bcfc350ccf4dc1a/librt-0.6.2-cp314-cp314t-macosx_10_13_x86_64.whl", hash = "sha256:4f3cbbf8c59fd705be4a0c82b9be204149806483454f37753ac1f8b4ef7c943d", size = 28732, upload-time = "2025-11-18T16:50:53.058Z" },
    { url = "https://files.pythonhosted.org/packages/83/fe/8ebddef5d8baad7a0cb2be304489efb6f031d2dd3dd668c4165d4254b996/librt-0.6.2-cp314-cp314t-macosx_11_0_arm64.whl", hash = "sha256:0d0ac917e1b14781a7f478155c63060e86a79261e3765f4f08569225758f5563", size = 29067, upload-time = "2025-11-18T16:50:54.097Z" },
    { url = "https://files.pythonhosted.org/packages/3d/1f/076c7c3d92e853718ca87f21d8b05deb3c0fb3ccf3ed55dbbd854055d3f0/librt-0.6.2-cp314-cp314t-manylinux1_i686.manylinux_2_28_i686.manylinux_2_5_i686.whl", hash = "sha256:ec1ccda3ab5d942b0df64634aa5c0d72e73fd2d9be63d0385e48b87929186343", size = 93688, upload-time = "2025-11-18T16:50:55.473Z" },
    { url = "https://files.pythonhosted.org/packages/c4/8f/101fc461996221c780f31d653ecb958ecdb2bfc397bff7071440bbcbcf96/librt-0.6.2-cp314-cp314t-manylinux2014_aarch64.manylinux_2_17_aarch64.manylinux_2_28_aarch64.whl", hash = "sha256:bc8a00fd9899e89f2096b130d5697734d6fd82ecf474eb006b836d206dad80b8", size = 98690, upload-time = "2025-11-18T16:50:56.572Z" },
    { url = "https://files.pythonhosted.org/packages/a5/9d/1280d7c9bd56ac2fedffeb3ca04bc65904de14697dcc82bc148e3ef5a293/librt-0.6.2-cp314-cp314t-manylinux2014_x86_64.manylinux_2_17_x86_64.manylinux_2_28_x86_64.whl", hash = "sha256:22e1c97b3848924f1ff3e5404aee12f1c6a9e17d715f922b4f694c77a1a365d2", size = 98422, upload-time = "2025-11-18T16:50:57.685Z" },
    { url = "https://files.pythonhosted.org/packages/e7/4c/13790c1e8a0f7622b257d5ab07cc8107f2fd0db42cbe3398432fc10d7741/librt-0.6.2-cp314-cp314t-musllinux_1_2_aarch64.whl", hash = "sha256:924c11a0d02568dada2463f819caf184ac0c88662e836ccc91001921db543acb", size = 100770, upload-time = "2025-11-18T16:50:58.741Z" },
    { url = "https://files.pythonhosted.org/packages/96/86/5adf990fa40df79f09a88cdf91b7426cbbb4fa46808a66b5ab5d0fbf3f12/librt-0.6.2-cp314-cp314t-musllinux_1_2_i686.whl", hash = "sha256:21c9f9440d7464a6783f51f701beaadfff75d48aacf174d94cf4b793b826420b", size = 98580, upload-time = "2025-11-18T16:50:59.87Z" },
    { url = "https://files.pythonhosted.org/packages/72/b3/6c3860511ca13779d041c3ff537582e31966be390836302e327c6fb608d4/librt-0.6.2-cp314-cp314t-musllinux_1_2_x86_64.whl", hash = "sha256:4b2d9364f0794b7c92f02d62321f5f0ab9d9061fc812871a8c34f418bdf43964", size = 101705, upload-time = "2025-11-18T16:51:01.323Z" },
    { url = "https://files.pythonhosted.org/packages/d5/4c/97df40d47c9773aa01543e1eacb43cd9ebb0b55110aae4af333f46d7a3a7/librt-0.6.2-cp314-cp314t-win32.whl", hash = "sha256:64451cbf341224e274f6f7e27c09c00a6758c7d4d6176a03e259a12e0befb7d8", size = 19463, upload-time = "2025-11-18T16:51:02.414Z" },
    { url = "https://files.pythonhosted.org/packages/04/7d/17ebd7a13d937ee466a68c999f249d8c2e61160781c5391c8e3327c4f18c/librt-0.6.2-cp314-cp314t-win_amd64.whl", hash = "sha256:dd08422c485df288c5c899d2adbbba15e317fc30f627119c99c2111da1920fb5", size = 21044, upload-time = "2025-11-18T16:51:03.439Z" },
    { url = "https://files.pythonhosted.org/packages/af/ee/9e30b435bc341844603fb209150594b1a801ced7ddb04be7dd2003a694d2/librt-0.6.2-cp314-cp314t-win_arm64.whl", hash = "sha256:de06350dfbf0649c0458e0af95fa516886120d0d11ed4ebbfcb7f67b038ab393", size = 20246, upload-time = "2025-11-18T16:51:04.724Z" },
]

[[package]]
name = "mccabe"
version = "0.7.0"
source = { registry = "https://pypi.org/simple" }
sdist = { url = "https://files.pythonhosted.org/packages/e7/ff/0ffefdcac38932a54d2b5eed4e0ba8a408f215002cd178ad1df0f2806ff8/mccabe-0.7.0.tar.gz", hash = "sha256:348e0240c33b60bbdf4e523192ef919f28cb2c3d7d5c7794f74009290f236325", size = 9658, upload-time = "2022-01-24T01:14:51.113Z" }
wheels = [
    { url = "https://files.pythonhosted.org/packages/27/1a/1f68f9ba0c207934b35b86a8ca3aad8395a3d6dd7921c0686e23853ff5a9/mccabe-0.7.0-py2.py3-none-any.whl", hash = "sha256:6c2d30ab6be0e4a46919781807b4f0d834ebdd6c6e3dca0bda5a15f863427b6e", size = 7350, upload-time = "2022-01-24T01:14:49.62Z" },
]

[[package]]
name = "mypy"
version = "1.19.0"
source = { registry = "https://pypi.org/simple" }
dependencies = [
    { name = "librt" },
    { name = "mypy-extensions" },
    { name = "pathspec" },
    { name = "typing-extensions" },
]
sdist = { url = "https://files.pythonhosted.org/packages/f9/b5/b58cdc25fadd424552804bf410855d52324183112aa004f0732c5f6324cf/mypy-1.19.0.tar.gz", hash = "sha256:f6b874ca77f733222641e5c46e4711648c4037ea13646fd0cdc814c2eaec2528", size = 3579025, upload-time = "2025-11-28T15:49:01.26Z" }
wheels = [
    { url = "https://files.pythonhosted.org/packages/0f/d2/010fb171ae5ac4a01cc34fbacd7544531e5ace95c35ca166dd8fd1b901d0/mypy-1.19.0-cp311-cp311-macosx_10_9_x86_64.whl", hash = "sha256:a31e4c28e8ddb042c84c5e977e28a21195d086aaffaf08b016b78e19c9ef8106", size = 13010563, upload-time = "2025-11-28T15:48:23.975Z" },
    { url = "https://files.pythonhosted.org/packages/41/6b/63f095c9f1ce584fdeb595d663d49e0980c735a1d2004720ccec252c5d47/mypy-1.19.0-cp311-cp311-macosx_11_0_arm64.whl", hash = "sha256:34ec1ac66d31644f194b7c163d7f8b8434f1b49719d403a5d26c87fff7e913f7", size = 12077037, upload-time = "2025-11-28T15:47:51.582Z" },
    { url = "https://files.pythonhosted.org/packages/d7/83/6cb93d289038d809023ec20eb0b48bbb1d80af40511fa077da78af6ff7c7/mypy-1.19.0-cp311-cp311-manylinux2014_aarch64.manylinux_2_17_aarch64.manylinux_2_28_aarch64.whl", hash = "sha256:cb64b0ba5980466a0f3f9990d1c582bcab8db12e29815ecb57f1408d99b4bff7", size = 12680255, upload-time = "2025-11-28T15:46:57.628Z" },
    { url = "https://files.pythonhosted.org/packages/99/db/d217815705987d2cbace2edd9100926196d6f85bcb9b5af05058d6e3c8ad/mypy-1.19.0-cp311-cp311-manylinux2014_x86_64.manylinux_2_17_x86_64.manylinux_2_28_x86_64.whl", hash = "sha256:120cffe120cca5c23c03c77f84abc0c14c5d2e03736f6c312480020082f1994b", size = 13421472, upload-time = "2025-11-28T15:47:59.655Z" },
    { url = "https://files.pythonhosted.org/packages/4e/51/d2beaca7c497944b07594f3f8aad8d2f0e8fc53677059848ae5d6f4d193e/mypy-1.19.0-cp311-cp311-musllinux_1_2_x86_64.whl", hash = "sha256:7a500ab5c444268a70565e374fc803972bfd1f09545b13418a5174e29883dab7", size = 13651823, upload-time = "2025-11-28T15:45:29.318Z" },
    { url = "https://files.pythonhosted.org/packages/aa/d1/7883dcf7644db3b69490f37b51029e0870aac4a7ad34d09ceae709a3df44/mypy-1.19.0-cp311-cp311-win_amd64.whl", hash = "sha256:c14a98bc63fd867530e8ec82f217dae29d0550c86e70debc9667fff1ec83284e", size = 10049077, upload-time = "2025-11-28T15:45:39.818Z" },
    { url = "https://files.pythonhosted.org/packages/11/7e/1afa8fb188b876abeaa14460dc4983f909aaacaa4bf5718c00b2c7e0b3d5/mypy-1.19.0-cp312-cp312-macosx_10_13_x86_64.whl", hash = "sha256:0fb3115cb8fa7c5f887c8a8d81ccdcb94cff334684980d847e5a62e926910e1d", size = 13207728, upload-time = "2025-11-28T15:46:26.463Z" },
    { url = "https://files.pythonhosted.org/packages/b2/13/f103d04962bcbefb1644f5ccb235998b32c337d6c13145ea390b9da47f3e/mypy-1.19.0-cp312-cp312-macosx_11_0_arm64.whl", hash = "sha256:f3e19e3b897562276bb331074d64c076dbdd3e79213f36eed4e592272dabd760", size = 12202945, upload-time = "2025-11-28T15:48:49.143Z" },
    { url = "https://files.pythonhosted.org/packages/e4/93/a86a5608f74a22284a8ccea8592f6e270b61f95b8588951110ad797c2ddd/mypy-1.19.0-cp312-cp312-manylinux2014_aarch64.manylinux_2_17_aarch64.manylinux_2_28_aarch64.whl", hash = "sha256:b9d491295825182fba01b6ffe2c6fe4e5a49dbf4e2bb4d1217b6ced3b4797bc6", size = 12718673, upload-time = "2025-11-28T15:47:37.193Z" },
    { url = "https://files.pythonhosted.org/packages/3d/58/cf08fff9ced0423b858f2a7495001fda28dc058136818ee9dffc31534ea9/mypy-1.19.0-cp312-cp312-manylinux2014_x86_64.manylinux_2_17_x86_64.manylinux_2_28_x86_64.whl", hash = "sha256:6016c52ab209919b46169651b362068f632efcd5eb8ef9d1735f6f86da7853b2", size = 13608336, upload-time = "2025-11-28T15:48:32.625Z" },
    { url = "https://files.pythonhosted.org/packages/64/ed/9c509105c5a6d4b73bb08733102a3ea62c25bc02c51bca85e3134bf912d3/mypy-1.19.0-cp312-cp312-musllinux_1_2_x86_64.whl", hash = "sha256:f188dcf16483b3e59f9278c4ed939ec0254aa8a60e8fc100648d9ab5ee95a431", size = 13833174, upload-time = "2025-11-28T15:45:48.091Z" },
    { url = "https://files.pythonhosted.org/packages/cd/71/01939b66e35c6f8cb3e6fdf0b657f0fd24de2f8ba5e523625c8e72328208/mypy-1.19.0-cp312-cp312-win_amd64.whl", hash = "sha256:0e3c3d1e1d62e678c339e7ade72746a9e0325de42cd2cccc51616c7b2ed1a018", size = 10112208, upload-time = "2025-11-28T15:46:41.702Z" },
    { url = "https://files.pythonhosted.org/packages/cb/0d/a1357e6bb49e37ce26fcf7e3cc55679ce9f4ebee0cd8b6ee3a0e301a9210/mypy-1.19.0-cp313-cp313-macosx_10_13_x86_64.whl", hash = "sha256:7686ed65dbabd24d20066f3115018d2dce030d8fa9db01aa9f0a59b6813e9f9e", size = 13191993, upload-time = "2025-11-28T15:47:22.336Z" },
    { url = "https://files.pythonhosted.org/packages/5d/75/8e5d492a879ec4490e6ba664b5154e48c46c85b5ac9785792a5ec6a4d58f/mypy-1.19.0-cp313-cp313-macosx_11_0_arm64.whl", hash = "sha256:fd4a985b2e32f23bead72e2fb4bbe5d6aceee176be471243bd831d5b2644672d", size = 12174411, upload-time = "2025-11-28T15:44:55.492Z" },
    { url = "https://files.pythonhosted.org/packages/71/31/ad5dcee9bfe226e8eaba777e9d9d251c292650130f0450a280aec3485370/mypy-1.19.0-cp313-cp313-manylinux2014_aarch64.manylinux_2_17_aarch64.manylinux_2_28_aarch64.whl", hash = "sha256:fc51a5b864f73a3a182584b1ac75c404396a17eced54341629d8bdcb644a5bba", size = 12727751, upload-time = "2025-11-28T15:44:14.169Z" },
    { url = "https://files.pythonhosted.org/packages/77/06/b6b8994ce07405f6039701f4b66e9d23f499d0b41c6dd46ec28f96d57ec3/mypy-1.19.0-cp313-cp313-manylinux2014_x86_64.manylinux_2_17_x86_64.manylinux_2_28_x86_64.whl", hash = "sha256:37af5166f9475872034b56c5efdcf65ee25394e9e1d172907b84577120714364", size = 13593323, upload-time = "2025-11-28T15:46:34.699Z" },
    { url = "https://files.pythonhosted.org/packages/68/b1/126e274484cccdf099a8e328d4fda1c7bdb98a5e888fa6010b00e1bbf330/mypy-1.19.0-cp313-cp313-musllinux_1_2_x86_64.whl", hash = "sha256:510c014b722308c9bd377993bcbf9a07d7e0692e5fa8fc70e639c1eb19fc6bee", size = 13818032, upload-time = "2025-11-28T15:46:18.286Z" },
    { url = "https://files.pythonhosted.org/packages/f8/56/53a8f70f562dfc466c766469133a8a4909f6c0012d83993143f2a9d48d2d/mypy-1.19.0-cp313-cp313-win_amd64.whl", hash = "sha256:cabbee74f29aa9cd3b444ec2f1e4fa5a9d0d746ce7567a6a609e224429781f53", size = 10120644, upload-time = "2025-11-28T15:47:43.99Z" },
    { url = "https://files.pythonhosted.org/packages/b0/f4/7751f32f56916f7f8c229fe902cbdba3e4dd3f3ea9e8b872be97e7fc546d/mypy-1.19.0-cp314-cp314-macosx_10_15_x86_64.whl", hash = "sha256:f2e36bed3c6d9b5f35d28b63ca4b727cb0228e480826ffc8953d1892ddc8999d", size = 13185236, upload-time = "2025-11-28T15:45:20.696Z" },
    { url = "https://files.pythonhosted.org/packages/35/31/871a9531f09e78e8d145032355890384f8a5b38c95a2c7732d226b93242e/mypy-1.19.0-cp314-cp314-macosx_11_0_arm64.whl", hash = "sha256:a18d8abdda14035c5718acb748faec09571432811af129bf0d9e7b2d6699bf18", size = 12213902, upload-time = "2025-11-28T15:46:10.117Z" },
    { url = "https://files.pythonhosted.org/packages/58/b8/af221910dd40eeefa2077a59107e611550167b9994693fc5926a0b0f87c0/mypy-1.19.0-cp314-cp314-manylinux2014_aarch64.manylinux_2_17_aarch64.manylinux_2_28_aarch64.whl", hash = "sha256:f75e60aca3723a23511948539b0d7ed514dda194bc3755eae0bfc7a6b4887aa7", size = 12738600, upload-time = "2025-11-28T15:44:22.521Z" },
    { url = "https://files.pythonhosted.org/packages/11/9f/c39e89a3e319c1d9c734dedec1183b2cc3aefbab066ec611619002abb932/mypy-1.19.0-cp314-cp314-manylinux2014_x86_64.manylinux_2_17_x86_64.manylinux_2_28_x86_64.whl", hash = "sha256:8f44f2ae3c58421ee05fe609160343c25f70e3967f6e32792b5a78006a9d850f", size = 13592639, upload-time = "2025-11-28T15:48:08.55Z" },
    { url = "https://files.pythonhosted.org/packages/97/6d/ffaf5f01f5e284d9033de1267e6c1b8f3783f2cf784465378a86122e884b/mypy-1.19.0-cp314-cp314-musllinux_1_2_x86_64.whl", hash = "sha256:63ea6a00e4bd6822adbfc75b02ab3653a17c02c4347f5bb0cf1d5b9df3a05835", size = 13799132, upload-time = "2025-11-28T15:47:06.032Z" },
    { url = "https://files.pythonhosted.org/packages/fe/b0/c33921e73aaa0106224e5a34822411bea38046188eb781637f5a5b07e269/mypy-1.19.0-cp314-cp314-win_amd64.whl", hash = "sha256:3ad925b14a0bb99821ff6f734553294aa6a3440a8cb082fe1f5b84dfb662afb1", size = 10269832, upload-time = "2025-11-28T15:47:29.392Z" },
    { url = "https://files.pythonhosted.org/packages/09/0e/fe228ed5aeab470c6f4eb82481837fadb642a5aa95cc8215fd2214822c10/mypy-1.19.0-py3-none-any.whl", hash = "sha256:0c01c99d626380752e527d5ce8e69ffbba2046eb8a060db0329690849cf9b6f9", size = 2469714, upload-time = "2025-11-28T15:45:33.22Z" },
]

[[package]]
name = "mypy-extensions"
version = "1.1.0"
source = { registry = "https://pypi.org/simple" }
sdist = { url = "https://files.pythonhosted.org/packages/a2/6e/371856a3fb9d31ca8dac321cda606860fa4548858c0cc45d9d1d4ca2628b/mypy_extensions-1.1.0.tar.gz", hash = "sha256:52e68efc3284861e772bbcd66823fde5ae21fd2fdb51c62a211403730b916558", size = 6343, upload-time = "2025-04-22T14:54:24.164Z" }
wheels = [
    { url = "https://files.pythonhosted.org/packages/79/7b/2c79738432f5c924bef5071f933bcc9efd0473bac3b4aa584a6f7c1c8df8/mypy_extensions-1.1.0-py3-none-any.whl", hash = "sha256:1be4cccdb0f2482337c4743e60421de3a356cd97508abadd57d47403e94f5505", size = 4963, upload-time = "2025-04-22T14:54:22.983Z" },
]

[[package]]
name = "packaging"
version = "25.0"
source = { registry = "https://pypi.org/simple" }
sdist = { url = "https://files.pythonhosted.org/packages/a1/d4/1fc4078c65507b51b96ca8f8c3ba19e6a61c8253c72794544580a7b6c24d/packaging-25.0.tar.gz", hash = "sha256:d443872c98d677bf60f6a1f2f8c1cb748e8fe762d2bf9d3148b5599295b0fc4f", size = 165727, upload-time = "2025-04-19T11:48:59.673Z" }
wheels = [
    { url = "https://files.pythonhosted.org/packages/20/12/38679034af332785aac8774540895e234f4d07f7545804097de4b666afd8/packaging-25.0-py3-none-any.whl", hash = "sha256:29572ef2b1f17581046b3a2227d5c611fb25ec70ca1ba8554b24b0e69331a484", size = 66469, upload-time = "2025-04-19T11:48:57.875Z" },
]

[[package]]
name = "pathspec"
version = "0.12.1"
source = { registry = "https://pypi.org/simple" }
sdist = { url = "https://files.pythonhosted.org/packages/ca/bc/f35b8446f4531a7cb215605d100cd88b7ac6f44ab3fc94870c120ab3adbf/pathspec-0.12.1.tar.gz", hash = "sha256:a482d51503a1ab33b1c67a6c3813a26953dbdc71c31dacaef9a838c4e29f5712", size = 51043, upload-time = "2023-12-10T22:30:45Z" }
wheels = [
    { url = "https://files.pythonhosted.org/packages/cc/20/ff623b09d963f88bfde16306a54e12ee5ea43e9b597108672ff3a408aad6/pathspec-0.12.1-py3-none-any.whl", hash = "sha256:a0d503e138a4c123b27490a4f7beda6a01c6f288df0e4a8b79c7eb0dc7b4cc08", size = 31191, upload-time = "2023-12-10T22:30:43.14Z" },
]

[[package]]
name = "platformdirs"
version = "4.5.0"
source = { registry = "https://pypi.org/simple" }
sdist = { url = "https://files.pythonhosted.org/packages/61/33/9611380c2bdb1225fdef633e2a9610622310fed35ab11dac9620972ee088/platformdirs-4.5.0.tar.gz", hash = "sha256:70ddccdd7c99fc5942e9fc25636a8b34d04c24b335100223152c2803e4063312", size = 21632, upload-time = "2025-10-08T17:44:48.791Z" }
wheels = [
    { url = "https://files.pythonhosted.org/packages/73/cb/ac7874b3e5d58441674fb70742e6c374b28b0c7cb988d37d991cde47166c/platformdirs-4.5.0-py3-none-any.whl", hash = "sha256:e578a81bb873cbb89a41fcc904c7ef523cc18284b7e3b3ccf06aca1403b7ebd3", size = 18651, upload-time = "2025-10-08T17:44:47.223Z" },
]

[[package]]
name = "pluggy"
version = "1.6.0"
source = { registry = "https://pypi.org/simple" }
sdist = { url = "https://files.pythonhosted.org/packages/f9/e2/3e91f31a7d2b083fe6ef3fa267035b518369d9511ffab804f839851d2779/pluggy-1.6.0.tar.gz", hash = "sha256:7dcc130b76258d33b90f61b658791dede3486c3e6bfb003ee5c9bfb396dd22f3", size = 69412, upload-time = "2025-05-15T12:30:07.975Z" }
wheels = [
    { url = "https://files.pythonhosted.org/packages/54/20/4d324d65cc6d9205fabedc306948156824eb9f0ee1633355a8f7ec5c66bf/pluggy-1.6.0-py3-none-any.whl", hash = "sha256:e920276dd6813095e9377c0bc5566d94c932c33b27a3e3945d8389c374dd4746", size = 20538, upload-time = "2025-05-15T12:30:06.134Z" },
]

[[package]]
name = "pycodestyle"
version = "2.14.0"
source = { registry = "https://pypi.org/simple" }
sdist = { url = "https://files.pythonhosted.org/packages/11/e0/abfd2a0d2efe47670df87f3e3a0e2edda42f055053c85361f19c0e2c1ca8/pycodestyle-2.14.0.tar.gz", hash = "sha256:c4b5b517d278089ff9d0abdec919cd97262a3367449ea1c8b49b91529167b783", size = 39472, upload-time = "2025-06-20T18:49:48.75Z" }
wheels = [
    { url = "https://files.pythonhosted.org/packages/d7/27/a58ddaf8c588a3ef080db9d0b7e0b97215cee3a45df74f3a94dbbf5c893a/pycodestyle-2.14.0-py2.py3-none-any.whl", hash = "sha256:dd6bf7cb4ee77f8e016f9c8e74a35ddd9f67e1d5fd4184d86c3b98e07099f42d", size = 31594, upload-time = "2025-06-20T18:49:47.491Z" },
]

[[package]]
name = "pyflakes"
version = "3.4.0"
source = { registry = "https://pypi.org/simple" }
sdist = { url = "https://files.pythonhosted.org/packages/45/dc/fd034dc20b4b264b3d015808458391acbf9df40b1e54750ef175d39180b1/pyflakes-3.4.0.tar.gz", hash = "sha256:b24f96fafb7d2ab0ec5075b7350b3d2d2218eab42003821c06344973d3ea2f58", size = 64669, upload-time = "2025-06-20T18:45:27.834Z" }
wheels = [
    { url = "https://files.pythonhosted.org/packages/c2/2f/81d580a0fb83baeb066698975cb14a618bdbed7720678566f1b046a95fe8/pyflakes-3.4.0-py2.py3-none-any.whl", hash = "sha256:f742a7dbd0d9cb9ea41e9a24a918996e8170c799fa528688d40dd582c8265f4f", size = 63551, upload-time = "2025-06-20T18:45:26.937Z" },
]

[[package]]
name = "pygments"
version = "2.19.2"
source = { registry = "https://pypi.org/simple" }
sdist = { url = "https://files.pythonhosted.org/packages/b0/77/a5b8c569bf593b0140bde72ea885a803b82086995367bf2037de0159d924/pygments-2.19.2.tar.gz", hash = "sha256:636cb2477cec7f8952536970bc533bc43743542f70392ae026374600add5b887", size = 4968631, upload-time = "2025-06-21T13:39:12.283Z" }
wheels = [
    { url = "https://files.pythonhosted.org/packages/c7/21/705964c7812476f378728bdf590ca4b771ec72385c533964653c68e86bdc/pygments-2.19.2-py3-none-any.whl", hash = "sha256:86540386c03d588bb81d44bc3928634ff26449851e99741617ecb9037ee5ec0b", size = 1225217, upload-time = "2025-06-21T13:39:07.939Z" },
]

[[package]]
name = "pylint"
version = "4.0.3"
source = { registry = "https://pypi.org/simple" }
dependencies = [
    { name = "astroid" },
    { name = "colorama", marker = "sys_platform == 'win32'" },
    { name = "dill" },
    { name = "isort" },
    { name = "mccabe" },
    { name = "platformdirs" },
    { name = "tomlkit" },
]
sdist = { url = "https://files.pythonhosted.org/packages/dd/9c/0500020a5446031220f487ca0c762713c6f3ddad7231b811aaf1d473f6aa/pylint-4.0.3.tar.gz", hash = "sha256:a427fe76e0e5355e9fb9b604fd106c419cafb395886ba7f3cebebb03f30e081d", size = 1570368, upload-time = "2025-11-13T15:54:41.394Z" }
wheels = [
    { url = "https://files.pythonhosted.org/packages/1f/01/b8acd4087102c774d432a6663bac4857405c64771445c0a3110828bc5c88/pylint-4.0.3-py3-none-any.whl", hash = "sha256:896d09afb0e78bbf2e030cd1f3d8dc92771a51f7e46828cbc3948a89cd03433a", size = 536199, upload-time = "2025-11-13T15:54:39.734Z" },
]

[[package]]
name = "pytest"
version = "9.0.1"
source = { registry = "https://pypi.org/simple" }
dependencies = [
    { name = "colorama", marker = "sys_platform == 'win32'" },
    { name = "iniconfig" },
    { name = "packaging" },
    { name = "pluggy" },
    { name = "pygments" },
]
sdist = { url = "https://files.pythonhosted.org/packages/07/56/f013048ac4bc4c1d9be45afd4ab209ea62822fb1598f40687e6bf45dcea4/pytest-9.0.1.tar.gz", hash = "sha256:3e9c069ea73583e255c3b21cf46b8d3c56f6e3a1a8f6da94ccb0fcf57b9d73c8", size = 1564125, upload-time = "2025-11-12T13:05:09.333Z" }
wheels = [
    { url = "https://files.pythonhosted.org/packages/0b/8b/6300fb80f858cda1c51ffa17075df5d846757081d11ab4aa35cef9e6258b/pytest-9.0.1-py3-none-any.whl", hash = "sha256:67be0030d194df2dfa7b556f2e56fb3c3315bd5c8822c6951162b92b32ce7dad", size = 373668, upload-time = "2025-11-12T13:05:07.379Z" },
]

[[package]]
name = "pytokens"
version = "0.3.0"
source = { registry = "https://pypi.org/simple" }
sdist = { url = "https://files.pythonhosted.org/packages/4e/8d/a762be14dae1c3bf280202ba3172020b2b0b4c537f94427435f19c413b72/pytokens-0.3.0.tar.gz", hash = "sha256:2f932b14ed08de5fcf0b391ace2642f858f1394c0857202959000b68ed7a458a", size = 17644, upload-time = "2025-11-05T13:36:35.34Z" }
wheels = [
    { url = "https://files.pythonhosted.org/packages/84/25/d9db8be44e205a124f6c98bc0324b2bb149b7431c53877fc6d1038dddaf5/pytokens-0.3.0-py3-none-any.whl", hash = "sha256:95b2b5eaf832e469d141a378872480ede3f251a5a5041b8ec6e581d3ac71bbf3", size = 12195, upload-time = "2025-11-05T13:36:33.183Z" },
]

[[package]]
name = "single-cell"
version = "0.1.0"
source = { virtual = "." }

[package.dev-dependencies]
dev = [
    { name = "black" },
    { name = "flake8" },
    { name = "mypy" },
    { name = "pylint" },
    { name = "pytest" },
]

[package.metadata]

[package.metadata.requires-dev]
dev = [
    { name = "black", specifier = ">=25.11.0" },
    { name = "flake8", specifier = ">=7.3.0" },
    { name = "mypy", specifier = ">=1.19.0" },
    { name = "pylint", specifier = ">=4.0.3" },
    { name = "pytest", specifier = ">=9.0.1" },
]

[[package]]
name = "tomlkit"
version = "0.13.3"
source = { registry = "https://pypi.org/simple" }
sdist = { url = "https://files.pythonhosted.org/packages/cc/18/0bbf3884e9eaa38819ebe46a7bd25dcd56b67434402b66a58c4b8e552575/tomlkit-0.13.3.tar.gz", hash = "sha256:430cf247ee57df2b94ee3fbe588e71d362a941ebb545dec29b53961d61add2a1", size = 185207, upload-time = "2025-06-05T07:13:44.947Z" }
wheels = [
    { url = "https://files.pythonhosted.org/packages/bd/75/8539d011f6be8e29f339c42e633aae3cb73bffa95dd0f9adec09b9c58e85/tomlkit-0.13.3-py3-none-any.whl", hash = "sha256:c89c649d79ee40629a9fda55f8ace8c6a1b42deb912b2a8fd8d942ddadb606b0", size = 38901, upload-time = "2025-06-05T07:13:43.546Z" },
]

[[package]]
name = "typing-extensions"
version = "4.15.0"
source = { registry = "https://pypi.org/simple" }
sdist = { url = "https://files.pythonhosted.org/packages/72/94/1a15dd82efb362ac84269196e94cf00f187f7ed21c242792a923cdb1c61f/typing_extensions-4.15.0.tar.gz", hash = "sha256:0cea48d173cc12fa28ecabc3b837ea3cf6f38c6d1136f85cbaaf598984861466", size = 109391, upload-time = "2025-08-25T13:49:26.313Z" }
wheels = [
    { url = "https://files.pythonhosted.org/packages/18/67/36e9267722cc04a6b9f15c7f3441c2363321a3ea07da7ae0c0707beb2a9c/typing_extensions-4.15.0-py3-none-any.whl", hash = "sha256:f0fa19c6845758ab08074a0cfa8b7aecb71c999ca73d62883bc25cc018c4e548", size = 44614, upload-time = "2025-08-25T13:49:24.86Z" },
]
